// !$*UTF8*$!
{
	archiveVersion = 1;
	classes = {
	};
	objectVersion = 50;
	objects = {

/* Begin PBXBuildFile section */
		608FCFF722CD85AC00CA4023 /* CalculateBases.swift in Sources */ = {isa = PBXBuildFile; fileRef = 608FCFF622CD85AC00CA4023 /* CalculateBases.swift */; };
		60A44D4222C6B5E8002DB5B2 /* AppDelegate.swift in Sources */ = {isa = PBXBuildFile; fileRef = 60A44D4122C6B5E8002DB5B2 /* AppDelegate.swift */; };
		60A44D4422C6B5E8002DB5B2 /* ViewController.swift in Sources */ = {isa = PBXBuildFile; fileRef = 60A44D4322C6B5E8002DB5B2 /* ViewController.swift */; };
		60A44D4722C6B5E8002DB5B2 /* Main.storyboard in Resources */ = {isa = PBXBuildFile; fileRef = 60A44D4522C6B5E8002DB5B2 /* Main.storyboard */; };
		60A44D4922C6B5E9002DB5B2 /* Assets.xcassets in Resources */ = {isa = PBXBuildFile; fileRef = 60A44D4822C6B5E9002DB5B2 /* Assets.xcassets */; };
		60A44D4C22C6B5E9002DB5B2 /* LaunchScreen.storyboard in Resources */ = {isa = PBXBuildFile; fileRef = 60A44D4A22C6B5E9002DB5B2 /* LaunchScreen.storyboard */; };
		60A44D5422C6B7A9002DB5B2 /* Welcome.png in Resources */ = {isa = PBXBuildFile; fileRef = 60A44D5322C6B7A9002DB5B2 /* Welcome.png */; };
		60A44D5822C6C6DF002DB5B2 /* binary.jpg in Resources */ = {isa = PBXBuildFile; fileRef = 60A44D5722C6C6DF002DB5B2 /* binary.jpg */; };
		60A4E37322D9655000FC86A9 /* binary.jpg in Resources */ = {isa = PBXBuildFile; fileRef = 60A4E37122D9655000FC86A9 /* binary.jpg */; };
		60A4E37422D9655000FC86A9 /* Welcome.png in Resources */ = {isa = PBXBuildFile; fileRef = 60A4E37222D9655000FC86A9 /* Welcome.png */; };
/* End PBXBuildFile section */

/* Begin PBXFileReference section */
		608FCFF622CD85AC00CA4023 /* CalculateBases.swift */ = {isa = PBXFileReference; lastKnownFileType = sourcecode.swift; path = CalculateBases.swift; sourceTree = "<group>"; };
		60A44D3E22C6B5E8002DB5B2 /* NumberBase_App.app */ = {isa = PBXFileReference; explicitFileType = wrapper.application; includeInIndex = 0; path = NumberBase_App.app; sourceTree = BUILT_PRODUCTS_DIR; };
		60A44D4122C6B5E8002DB5B2 /* AppDelegate.swift */ = {isa = PBXFileReference; lastKnownFileType = sourcecode.swift; path = AppDelegate.swift; sourceTree = "<group>"; };
		60A44D4322C6B5E8002DB5B2 /* ViewController.swift */ = {isa = PBXFileReference; lastKnownFileType = sourcecode.swift; path = ViewController.swift; sourceTree = "<group>"; };
		60A44D4622C6B5E8002DB5B2 /* Base */ = {isa = PBXFileReference; lastKnownFileType = file.storyboard; name = Base; path = Base.lproj/Main.storyboard; sourceTree = "<group>"; };
		60A44D4822C6B5E9002DB5B2 /* Assets.xcassets */ = {isa = PBXFileReference; lastKnownFileType = folder.assetcatalog; path = Assets.xcassets; sourceTree = "<group>"; };
		60A44D4B22C6B5E9002DB5B2 /* Base */ = {isa = PBXFileReference; lastKnownFileType = file.storyboard; name = Base; path = Base.lproj/LaunchScreen.storyboard; sourceTree = "<group>"; };
		60A44D4D22C6B5E9002DB5B2 /* Info.plist */ = {isa = PBXFileReference; lastKnownFileType = text.plist.xml; path = Info.plist; sourceTree = "<group>"; };
		60A44D5322C6B7A9002DB5B2 /* Welcome.png */ = {isa = PBXFileReference; lastKnownFileType = image.png; path = Welcome.png; sourceTree = "<group>"; };
		60A44D5722C6C6DF002DB5B2 /* binary.jpg */ = {isa = PBXFileReference; lastKnownFileType = image.jpeg; path = binary.jpg; sourceTree = "<group>"; };
		60A4E37122D9655000FC86A9 /* binary.jpg */ = {isa = PBXFileReference; lastKnownFileType = image.jpeg; path = binary.jpg; sourceTree = "<group>"; };
		60A4E37222D9655000FC86A9 /* Welcome.png */ = {isa = PBXFileReference; lastKnownFileType = image.png; path = Welcome.png; sourceTree = "<group>"; };
/* End PBXFileReference section */

/* Begin PBXFrameworksBuildPhase section */
		60A44D3B22C6B5E8002DB5B2 /* Frameworks */ = {
			isa = PBXFrameworksBuildPhase;
			buildActionMask = 2147483647;
			files = (
			);
			runOnlyForDeploymentPostprocessing = 0;
		};
/* End PBXFrameworksBuildPhase section */

/* Begin PBXGroup section */
		60A44D3522C6B5E8002DB5B2 = {
			isa = PBXGroup;
			children = (
				60A44D4022C6B5E8002DB5B2 /* NumberBase_App */,
				60A44D3F22C6B5E8002DB5B2 /* Products */,
			);
			sourceTree = "<group>";
		};
		60A44D3F22C6B5E8002DB5B2 /* Products */ = {
			isa = PBXGroup;
			children = (
				60A44D3E22C6B5E8002DB5B2 /* NumberBase_App.app */,
			);
			name = Products;
			sourceTree = "<group>";
		};
		60A44D4022C6B5E8002DB5B2 /* NumberBase_App */ = {
			isa = PBXGroup;
			children = (
				60A44D4122C6B5E8002DB5B2 /* AppDelegate.swift */,
				60A44D4322C6B5E8002DB5B2 /* ViewController.swift */,
				60A44D4522C6B5E8002DB5B2 /* Main.storyboard */,
				608FCFF622CD85AC00CA4023 /* CalculateBases.swift */,
				60A44D4822C6B5E9002DB5B2 /* Assets.xcassets */,
				60A44D5722C6C6DF002DB5B2 /* binary.jpg */,
				60A4E37222D9655000FC86A9 /* Welcome.png */,
				60A44D5322C6B7A9002DB5B2 /* Welcome.png */,
				60A44D4A22C6B5E9002DB5B2 /* LaunchScreen.storyboard */,
				60A44D4D22C6B5E9002DB5B2 /* Info.plist */,
				60A4E37122D9655000FC86A9 /* binary.jpg */,
			);
			path = NumberBase_App;
			sourceTree = "<group>";
		};
/* End PBXGroup section */

/* Begin PBXNativeTarget section */
		60A44D3D22C6B5E8002DB5B2 /* NumberBase_App */ = {
			isa = PBXNativeTarget;
			buildConfigurationList = 60A44D5022C6B5E9002DB5B2 /* Build configuration list for PBXNativeTarget "NumberBase_App" */;
			buildPhases = (
				60A44D3A22C6B5E8002DB5B2 /* Sources */,
				60A44D3B22C6B5E8002DB5B2 /* Frameworks */,
				60A44D3C22C6B5E8002DB5B2 /* Resources */,
			);
			buildRules = (
			);
			dependencies = (
			);
			name = NumberBase_App;
			productName = NumberBase_App;
			productReference = 60A44D3E22C6B5E8002DB5B2 /* NumberBase_App.app */;
			productType = "com.apple.product-type.application";
		};
/* End PBXNativeTarget section */

/* Begin PBXProject section */
		60A44D3622C6B5E8002DB5B2 /* Project object */ = {
			isa = PBXProject;
			attributes = {
				LastSwiftUpdateCheck = 1020;
				LastUpgradeCheck = 1020;
				ORGANIZATIONNAME = Christopher;
				TargetAttributes = {
					60A44D3D22C6B5E8002DB5B2 = {
						CreatedOnToolsVersion = 10.2.1;
					};
				};
			};
			buildConfigurationList = 60A44D3922C6B5E8002DB5B2 /* Build configuration list for PBXProject "NumberBase_App" */;
			compatibilityVersion = "Xcode 9.3";
			developmentRegion = en;
			hasScannedForEncodings = 0;
			knownRegions = (
				en,
				Base,
			);
			mainGroup = 60A44D3522C6B5E8002DB5B2;
			productRefGroup = 60A44D3F22C6B5E8002DB5B2 /* Products */;
			projectDirPath = "";
			projectRoot = "";
			targets = (
				60A44D3D22C6B5E8002DB5B2 /* NumberBase_App */,
			);
		};
/* End PBXProject section */

/* Begin PBXResourcesBuildPhase section */
		60A44D3C22C6B5E8002DB5B2 /* Resources */ = {
			isa = PBXResourcesBuildPhase;
			buildActionMask = 2147483647;
			files = (
				60A4E37322D9655000FC86A9 /* binary.jpg in Resources */,
				60A44D4C22C6B5E9002DB5B2 /* LaunchScreen.storyboard in Resources */,
				60A44D4922C6B5E9002DB5B2 /* Assets.xcassets in Resources */,
				60A44D5422C6B7A9002DB5B2 /* Welcome.png in Resources */,
				60A44D5822C6C6DF002DB5B2 /* binary.jpg in Resources */,
				60A4E37422D9655000FC86A9 /* Welcome.png in Resources */,
				60A44D4722C6B5E8002DB5B2 /* Main.storyboard in Resources */,
			);
			runOnlyForDeploymentPostprocessing = 0;
		};
/* End PBXResourcesBuildPhase section */

/* Begin PBXSourcesBuildPhase section */
		60A44D3A22C6B5E8002DB5B2 /* Sources */ = {
			isa = PBXSourcesBuildPhase;
			buildActionMask = 2147483647;
			files = (
				60A44D4422C6B5E8002DB5B2 /* ViewController.swift in Sources */,
				608FCFF722CD85AC00CA4023 /* CalculateBases.swift in Sources */,
				60A44D4222C6B5E8002DB5B2 /* AppDelegate.swift in Sources */,
			);
			runOnlyForDeploymentPostprocessing = 0;
		};
/* End PBXSourcesBuildPhase section */

/* Begin PBXVariantGroup section */
		60A44D4522C6B5E8002DB5B2 /* Main.storyboard */ = {
			isa = PBXVariantGroup;
			children = (
				60A44D4622C6B5E8002DB5B2 /* Base */,
			);
			name = Main.storyboard;
			sourceTree = "<group>";
		};
		60A44D4A22C6B5E9002DB5B2 /* LaunchScreen.storyboard */ = {
			isa = PBXVariantGroup;
			children = (
				60A44D4B22C6B5E9002DB5B2 /* Base */,
			);
			name = LaunchScreen.storyboard;
			sourceTree = "<group>";
		};
/* End PBXVariantGroup section */

/* Begin XCBuildConfiguration section */
		60A44D4E22C6B5E9002DB5B2 /* Debug */ = {
			isa = XCBuildConfiguration;
			buildSettings = {
				ALWAYS_SEARCH_USER_PATHS = NO;
				CLANG_ANALYZER_NONNULL = YES;
				CLANG_ANALYZER_NUMBER_OBJECT_CONVERSION = YES_AGGRESSIVE;
				CLANG_CXX_LANGUAGE_STANDARD = "gnu++14";
				CLANG_CXX_LIBRARY = "libc++";
				CLANG_ENABLE_MODULES = YES;
				CLANG_ENABLE_OBJC_ARC = YES;
				CLANG_ENABLE_OBJC_WEAK = YES;
				CLANG_WARN_BLOCK_CAPTURE_AUTORELEASING = YES;
				CLANG_WARN_BOOL_CONVERSION = YES;
				CLANG_WARN_COMMA = YES;
				CLANG_WARN_CONSTANT_CONVERSION = YES;
				CLANG_WARN_DEPRECATED_OBJC_IMPLEMENTATIONS = YES;
				CLANG_WARN_DIRECT_OBJC_ISA_USAGE = YES_ERROR;
				CLANG_WARN_DOCUMENTATION_COMMENTS = YES;
				CLANG_WARN_EMPTY_BODY = YES;
				CLANG_WARN_ENUM_CONVERSION = YES;
				CLANG_WARN_INFINITE_RECURSION = YES;
				CLANG_WARN_INT_CONVERSION = YES;
				CLANG_WARN_NON_LITERAL_NULL_CONVERSION = YES;
				CLANG_WARN_OBJC_IMPLICIT_RETAIN_SELF = YES;
				CLANG_WARN_OBJC_LITERAL_CONVERSION = YES;
				CLANG_WARN_OBJC_ROOT_CLASS = YES_ERROR;
				CLANG_WARN_RANGE_LOOP_ANALYSIS = YES;
				CLANG_WARN_STRICT_PROTOTYPES = YES;
				CLANG_WARN_SUSPICIOUS_MOVE = YES;
				CLANG_WARN_UNGUARDED_AVAILABILITY = YES_AGGRESSIVE;
				CLANG_WARN_UNREACHABLE_CODE = YES;
				CLANG_WARN__DUPLICATE_METHOD_MATCH = YES;
				CODE_SIGN_IDENTITY = "iPhone Developer";
				COPY_PHASE_STRIP = NO;
				DEBUG_INFORMATION_FORMAT = dwarf;
				ENABLE_STRICT_OBJC_MSGSEND = YES;
				ENABLE_TESTABILITY = YES;
				GCC_C_LANGUAGE_STANDARD = gnu11;
				GCC_DYNAMIC_NO_PIC = NO;
				GCC_NO_COMMON_BLOCKS = YES;
				GCC_OPTIMIZATION_LEVEL = 0;
				GCC_PREPROCESSOR_DEFINITIONS = (
					"DEBUG=1",
					"$(inherited)",
				);
				GCC_WARN_64_TO_32_BIT_CONVERSION = YES;
				GCC_WARN_ABOUT_RETURN_TYPE = YES_ERROR;
				GCC_WARN_UNDECLARED_SELECTOR = YES;
				GCC_WARN_UNINITIALIZED_AUTOS = YES_AGGRESSIVE;
				GCC_WARN_UNUSED_FUNCTION = YES;
				GCC_WARN_UNUSED_VARIABLE = YES;
				IPHONEOS_DEPLOYMENT_TARGET = 12.2;
				MTL_ENABLE_DEBUG_INFO = INCLUDE_SOURCE;
				MTL_FAST_MATH = YES;
				ONLY_ACTIVE_ARCH = YES;
				SDKROOT = iphoneos;
				SWIFT_ACTIVE_COMPILATION_CONDITIONS = DEBUG;
				SWIFT_OPTIMIZATION_LEVEL = "-Onone";
			};
			name = Debug;
		};
		60A44D4F22C6B5E9002DB5B2 /* Release */ = {
			isa = XCBuildConfiguration;
			buildSettings = {
				ALWAYS_SEARCH_USER_PATHS = NO;
				CLANG_ANALYZER_NONNULL = YES;
				CLANG_ANALYZER_NUMBER_OBJECT_CONVERSION = YES_AGGRESSIVE;
				CLANG_CXX_LANGUAGE_STANDARD = "gnu++14";
				CLANG_CXX_LIBRARY = "libc++";
				CLANG_ENABLE_MODULES = YES;
				CLANG_ENABLE_OBJC_ARC = YES;
				CLANG_ENABLE_OBJC_WEAK = YES;
				CLANG_WARN_BLOCK_CAPTURE_AUTORELEASING = YES;
				CLANG_WARN_BOOL_CONVERSION = YES;
				CLANG_WARN_COMMA = YES;
				CLANG_WARN_CONSTANT_CONVERSION = YES;
				CLANG_WARN_DEPRECATED_OBJC_IMPLEMENTATIONS = YES;
				CLANG_WARN_DIRECT_OBJC_ISA_USAGE = YES_ERROR;
				CLANG_WARN_DOCUMENTATION_COMMENTS = YES;
				CLANG_WARN_EMPTY_BODY = YES;
				CLANG_WARN_ENUM_CONVERSION = YES;
				CLANG_WARN_INFINITE_RECURSION = YES;
				CLANG_WARN_INT_CONVERSION = YES;
				CLANG_WARN_NON_LITERAL_NULL_CONVERSION = YES;
				CLANG_WARN_OBJC_IMPLICIT_RETAIN_SELF = YES;
				CLANG_WARN_OBJC_LITERAL_CONVERSION = YES;
				CLANG_WARN_OBJC_ROOT_CLASS = YES_ERROR;
				CLANG_WARN_RANGE_LOOP_ANALYSIS = YES;
				CLANG_WARN_STRICT_PROTOTYPES = YES;
				CLANG_WARN_SUSPICIOUS_MOVE = YES;
				CLANG_WARN_UNGUARDED_AVAILABILITY = YES_AGGRESSIVE;
				CLANG_WARN_UNREACHABLE_CODE = YES;
				CLANG_WARN__DUPLICATE_METHOD_MATCH = YES;
				CODE_SIGN_IDENTITY = "iPhone Developer";
				COPY_PHASE_STRIP = NO;
				DEBUG_INFORMATION_FORMAT = "dwarf-with-dsym";
				ENABLE_NS_ASSERTIONS = NO;
				ENABLE_STRICT_OBJC_MSGSEND = YES;
				GCC_C_LANGUAGE_STANDARD = gnu11;
				GCC_NO_COMMON_BLOCKS = YES;
				GCC_WARN_64_TO_32_BIT_CONVERSION = YES;
				GCC_WARN_ABOUT_RETURN_TYPE = YES_ERROR;
				GCC_WARN_UNDECLARED_SELECTOR = YES;
				GCC_WARN_UNINITIALIZED_AUTOS = YES_AGGRESSIVE;
				GCC_WARN_UNUSED_FUNCTION = YES;
				GCC_WARN_UNUSED_VARIABLE = YES;
				IPHONEOS_DEPLOYMENT_TARGET = 12.2;
				MTL_ENABLE_DEBUG_INFO = NO;
				MTL_FAST_MATH = YES;
				SDKROOT = iphoneos;
				SWIFT_COMPILATION_MODE = wholemodule;
				SWIFT_OPTIMIZATION_LEVEL = "-O";
				VALIDATE_PRODUCT = YES;
			};
			name = Release;
		};
		60A44D5122C6B5E9002DB5B2 /* Debug */ = {
			isa = XCBuildConfiguration;
			buildSettings = {
				ASSETCATALOG_COMPILER_APPICON_NAME = AppIcon;
				CODE_SIGN_STYLE = Automatic;
				INFOPLIST_FILE = NumberBase_App/Info.plist;
				LD_RUNPATH_SEARCH_PATHS = (
					"$(inherited)",
					"@executable_path/Frameworks",
				);
				PRODUCT_BUNDLE_IDENTIFIER = "com.stewart.NumberBase-App";
				PRODUCT_NAME = "$(TARGET_NAME)";
				SWIFT_VERSION = 5.0;
				TARGETED_DEVICE_FAMILY = "1,2";
			};
			name = Debug;
		};
		60A44D5222C6B5E9002DB5B2 /* Release */ = {
			isa = XCBuildConfiguration;
			buildSettings = {
				ASSETCATALOG_COMPILER_APPICON_NAME = AppIcon;
				CODE_SIGN_STYLE = Automatic;
				INFOPLIST_FILE = NumberBase_App/Info.plist;
				LD_RUNPATH_SEARCH_PATHS = (
					"$(inherited)",
					"@executable_path/Frameworks",
				);
				PRODUCT_BUNDLE_IDENTIFIER = "com.stewart.NumberBase-App";
				PRODUCT_NAME = "$(TARGET_NAME)";
				SWIFT_VERSION = 5.0;
				TARGETED_DEVICE_FAMILY = "1,2";
			};
			name = Release;
		};
/* End XCBuildConfiguration section */

/* Begin XCConfigurationList section */
		60A44D3922C6B5E8002DB5B2 /* Build configuration list for PBXProject "NumberBase_App" */ = {
			isa = XCConfigurationList;
			buildConfigurations = (
				60A44D4E22C6B5E9002DB5B2 /* Debug */,
				60A44D4F22C6B5E9002DB5B2 /* Release */,
			);
			defaultConfigurationIsVisible = 0;
			defaultConfigurationName = Release;
		};
		60A44D5022C6B5E9002DB5B2 /* Build configuration list for PBXNativeTarget "NumberBase_App" */ = {
			isa = XCConfigurationList;
			buildConfigurations = (
				60A44D5122C6B5E9002DB5B2 /* Debug */,
				60A44D5222C6B5E9002DB5B2 /* Release */,
			);
			defaultConfigurationIsVisible = 0;
			defaultConfigurationName = Release;
		};
/* End XCConfigurationList section */
	};
	rootObject = 60A44D3622C6B5E8002DB5B2 /* Project object */;
}
